
Microsoft Visual Studio Solution File, Format Version 12.00
# Visual Studio Version 17
VisualStudioVersion = 17.2.32630.192
MinimumVisualStudioVersion = 10.0.40219.1
Project("{FAE04EC0-301F-11D3-BF4B-00C04F79EFBC}") = "SOLID", "SOLID\SOLID.csproj", "{CC624E6A-B487-4EEC-8BAD-BE523ED38233}"
EndProject
Project("{FAE04EC0-301F-11D3-BF4B-00C04F79EFBC}") = "Collections", "Collections\Collections.csproj", "{BE4BD3F2-AF0B-4152-8319-4B02B29384DB}"
EndProject
Project("{FAE04EC0-301F-11D3-BF4B-00C04F79EFBC}") = "Abstraction_Polymorphism_Interface_Encapsulation", "Abstraction_Polymorphism_Interface_Encapsulation\Abstraction_Polymorphism_Interface_Encapsulation.csproj", "{2376B472-7E6A-4B09-A25A-E8521BD62A4B}"
EndProject
Global
	GlobalSection(SolutionConfigurationPlatforms) = preSolution
		Debug|Any CPU = Debug|Any CPU
		Release|Any CPU = Release|Any CPU
	EndGlobalSection
	GlobalSection(ProjectConfigurationPlatforms) = postSolution
		{CC624E6A-B487-4EEC-8BAD-BE523ED38233}.Debug|Any CPU.ActiveCfg = Debug|Any CPU
		{CC624E6A-B487-4EEC-8BAD-BE523ED38233}.Debug|Any CPU.Build.0 = Debug|Any CPU
		{CC624E6A-B487-4EEC-8BAD-BE523ED38233}.Release|Any CPU.ActiveCfg = Release|Any CPU
		{CC624E6A-B487-4EEC-8BAD-BE523ED38233}.Release|Any CPU.Build.0 = Release|Any CPU
		{BE4BD3F2-AF0B-4152-8319-4B02B29384DB}.Debug|Any CPU.ActiveCfg = Debug|Any CPU
		{BE4BD3F2-AF0B-4152-8319-4B02B29384DB}.Debug|Any CPU.Build.0 = Debug|Any CPU
		{BE4BD3F2-AF0B-4152-8319-4B02B29384DB}.Release|Any CPU.ActiveCfg = Release|Any CPU
		{BE4BD3F2-AF0B-4152-8319-4B02B29384DB}.Release|Any CPU.Build.0 = Release|Any CPU
		{2376B472-7E6A-4B09-A25A-E8521BD62A4B}.Debug|Any CPU.ActiveCfg = Debug|Any CPU
		{2376B472-7E6A-4B09-A25A-E8521BD62A4B}.Debug|Any CPU.Build.0 = Debug|Any CPU
		{2376B472-7E6A-4B09-A25A-E8521BD62A4B}.Release|Any CPU.ActiveCfg = Release|Any CPU
		{2376B472-7E6A-4B09-A25A-E8521BD62A4B}.Release|Any CPU.Build.0 = Release|Any CPU
	EndGlobalSection
	GlobalSection(SolutionProperties) = preSolution
		HideSolutionNode = FALSE
	EndGlobalSection
	GlobalSection(ExtensibilityGlobals) = postSolution
		SolutionGuid = {3EFDDF76-584F-4F50-9CC2-3C90CF5314C6}
	EndGlobalSection
EndGlobal
